
Microsoft Visual Studio Solution File, Format Version 12.00
# Visual Studio Version 17
VisualStudioVersion = 17.0.31903.59
MinimumVisualStudioVersion = 10.0.40219.1
Project("{2150E333-8FDC-42A3-9474-1A3956D46DE8}") = "src", "src", "{9D9E1093-74C3-44F3-B368-EE5062508CF6}"
EndProject
Project("{9A19103F-16F7-4668-BE54-9A1E7A4F7556}") = "OIDC.AttributeProxy", "src\OIDC.AttributeProxy\OIDC.AttributeProxy.csproj", "{0B051EAE-FEB5-4968-AA5D-3FBEEA9E92AB}"
EndProject
Project("{FAE04EC0-301F-11D3-BF4B-00C04F79EFBC}") = "OIDC.ProtocolServer", "src\OIDC.ProtocolServer\OIDC.ProtocolServer.csproj", "{34B29786-EBBF-4DC1-8C27-76A4E8C52BFC}"
EndProject
Global
	GlobalSection(SolutionConfigurationPlatforms) = preSolution
		Debug|Any CPU = Debug|Any CPU
		Release|Any CPU = Release|Any CPU
	EndGlobalSection
	GlobalSection(ProjectConfigurationPlatforms) = postSolution
		{0B051EAE-FEB5-4968-AA5D-3FBEEA9E92AB}.Debug|Any CPU.ActiveCfg = Debug|Any CPU
		{0B051EAE-FEB5-4968-AA5D-3FBEEA9E92AB}.Debug|Any CPU.Build.0 = Debug|Any CPU
		{0B051EAE-FEB5-4968-AA5D-3FBEEA9E92AB}.Release|Any CPU.ActiveCfg = Release|Any CPU
		{0B051EAE-FEB5-4968-AA5D-3FBEEA9E92AB}.Release|Any CPU.Build.0 = Release|Any CPU
		{34B29786-EBBF-4DC1-8C27-76A4E8C52BFC}.Debug|Any CPU.ActiveCfg = Debug|Any CPU
		{34B29786-EBBF-4DC1-8C27-76A4E8C52BFC}.Debug|Any CPU.Build.0 = Debug|Any CPU
		{34B29786-EBBF-4DC1-8C27-76A4E8C52BFC}.Release|Any CPU.ActiveCfg = Release|Any CPU
		{34B29786-EBBF-4DC1-8C27-76A4E8C52BFC}.Release|Any CPU.Build.0 = Release|Any CPU
	EndGlobalSection
	GlobalSection(SolutionProperties) = preSolution
		HideSolutionNode = FALSE
	EndGlobalSection
	GlobalSection(NestedProjects) = preSolution
		{0B051EAE-FEB5-4968-AA5D-3FBEEA9E92AB} = {9D9E1093-74C3-44F3-B368-EE5062508CF6}
		{34B29786-EBBF-4DC1-8C27-76A4E8C52BFC} = {9D9E1093-74C3-44F3-B368-EE5062508CF6}
	EndGlobalSection
EndGlobal
